
Microsoft Visual Studio Solution File, Format Version 12.00
# Visual Studio Version 17
VisualStudioVersion = 17.0.33214.273
MinimumVisualStudioVersion = 10.0.40219.1
Project("{9A19103F-16F7-4668-BE54-9A1E7A4F7556}") = "ZeroFriction.API", "ZeroFriction.API\ZeroFriction.API.csproj", "{DEAA943F-CAC8-4D39-A9AA-5359FDF663BC}"
EndProject
Project("{9A19103F-16F7-4668-BE54-9A1E7A4F7556}") = "ZeroFriction.Services", "ZeroFriction.Services\ZeroFriction.Services.csproj", "{0AFEE5B3-288D-43DC-8A3F-F40D3711838D}"
EndProject
Project("{9A19103F-16F7-4668-BE54-9A1E7A4F7556}") = "ZeroFriction.Domain", "ZeroFriction.Domain\ZeroFriction.Domain.csproj", "{6CB54AF1-5587-471A-9B1E-27B4200665A2}"
EndProject
Project("{9A19103F-16F7-4668-BE54-9A1E7A4F7556}") = "ZeroFriction.DB.Domain", "ZeroFriction.DB.Domain\ZeroFriction.DB.Domain.csproj", "{F3DA5988-FE61-4B02-80F7-9713C0156038}"
EndProject
Project("{9A19103F-16F7-4668-BE54-9A1E7A4F7556}") = "ZeroFriction.DB.Services", "ZeroFriction.DB.Services\ZeroFriction.DB.Services.csproj", "{6799703D-7FC4-4169-8D1F-898DCB13FFAD}"
EndProject
Project("{FAE04EC0-301F-11D3-BF4B-00C04F79EFBC}") = "ZeroFriction.Services.Tests", "ZeroFriction.Services.Tests\ZeroFriction.Services.Tests.csproj", "{7A1FF193-A39D-47E0-8CFA-DFF7FCB97830}"
EndProject
Global
	GlobalSection(SolutionConfigurationPlatforms) = preSolution
		Debug|Any CPU = Debug|Any CPU
		Release|Any CPU = Release|Any CPU
	EndGlobalSection
	GlobalSection(ProjectConfigurationPlatforms) = postSolution
		{DEAA943F-CAC8-4D39-A9AA-5359FDF663BC}.Debug|Any CPU.ActiveCfg = Debug|Any CPU
		{DEAA943F-CAC8-4D39-A9AA-5359FDF663BC}.Debug|Any CPU.Build.0 = Debug|Any CPU
		{DEAA943F-CAC8-4D39-A9AA-5359FDF663BC}.Release|Any CPU.ActiveCfg = Release|Any CPU
		{DEAA943F-CAC8-4D39-A9AA-5359FDF663BC}.Release|Any CPU.Build.0 = Release|Any CPU
		{0AFEE5B3-288D-43DC-8A3F-F40D3711838D}.Debug|Any CPU.ActiveCfg = Debug|Any CPU
		{0AFEE5B3-288D-43DC-8A3F-F40D3711838D}.Debug|Any CPU.Build.0 = Debug|Any CPU
		{0AFEE5B3-288D-43DC-8A3F-F40D3711838D}.Release|Any CPU.ActiveCfg = Release|Any CPU
		{0AFEE5B3-288D-43DC-8A3F-F40D3711838D}.Release|Any CPU.Build.0 = Release|Any CPU
		{6CB54AF1-5587-471A-9B1E-27B4200665A2}.Debug|Any CPU.ActiveCfg = Debug|Any CPU
		{6CB54AF1-5587-471A-9B1E-27B4200665A2}.Debug|Any CPU.Build.0 = Debug|Any CPU
		{6CB54AF1-5587-471A-9B1E-27B4200665A2}.Release|Any CPU.ActiveCfg = Release|Any CPU
		{6CB54AF1-5587-471A-9B1E-27B4200665A2}.Release|Any CPU.Build.0 = Release|Any CPU
		{F3DA5988-FE61-4B02-80F7-9713C0156038}.Debug|Any CPU.ActiveCfg = Debug|Any CPU
		{F3DA5988-FE61-4B02-80F7-9713C0156038}.Debug|Any CPU.Build.0 = Debug|Any CPU
		{F3DA5988-FE61-4B02-80F7-9713C0156038}.Release|Any CPU.ActiveCfg = Release|Any CPU
		{F3DA5988-FE61-4B02-80F7-9713C0156038}.Release|Any CPU.Build.0 = Release|Any CPU
		{6799703D-7FC4-4169-8D1F-898DCB13FFAD}.Debug|Any CPU.ActiveCfg = Debug|Any CPU
		{6799703D-7FC4-4169-8D1F-898DCB13FFAD}.Debug|Any CPU.Build.0 = Debug|Any CPU
		{6799703D-7FC4-4169-8D1F-898DCB13FFAD}.Release|Any CPU.ActiveCfg = Release|Any CPU
		{6799703D-7FC4-4169-8D1F-898DCB13FFAD}.Release|Any CPU.Build.0 = Release|Any CPU
		{7A1FF193-A39D-47E0-8CFA-DFF7FCB97830}.Debug|Any CPU.ActiveCfg = Debug|Any CPU
		{7A1FF193-A39D-47E0-8CFA-DFF7FCB97830}.Debug|Any CPU.Build.0 = Debug|Any CPU
		{7A1FF193-A39D-47E0-8CFA-DFF7FCB97830}.Release|Any CPU.ActiveCfg = Release|Any CPU
		{7A1FF193-A39D-47E0-8CFA-DFF7FCB97830}.Release|Any CPU.Build.0 = Release|Any CPU
	EndGlobalSection
	GlobalSection(SolutionProperties) = preSolution
		HideSolutionNode = FALSE
	EndGlobalSection
	GlobalSection(ExtensibilityGlobals) = postSolution
		SolutionGuid = {18621335-D988-4E98-AF13-7AFF73D8280F}
	EndGlobalSection
EndGlobal
